
Microsoft Visual Studio Solution File, Format Version 12.00
# Visual Studio Version 16
VisualStudioVersion = 16.0.29806.167
MinimumVisualStudioVersion = 10.0.40219.1
Project("{FAE04EC0-301F-11D3-BF4B-00C04F79EFBC}") = "RhzLearnRest", "RhzLearnRest\RhzLearnRest.csproj", "{E70D56BB-D913-490C-8AB1-81DA7F465316}"
EndProject
Project("{FAE04EC0-301F-11D3-BF4B-00C04F79EFBC}") = "RhzLearnRest.Domains", "RhzLearnRest.Domains\RhzLearnRest.Domains.csproj", "{7C3BE9EF-3518-47C7-8419-89FE802E244E}"
EndProject
Project("{FAE04EC0-301F-11D3-BF4B-00C04F79EFBC}") = "RhzLearnRest.Data", "RhzLearnRest.Data\RhzLearnRest.Data.csproj", "{B99FEABB-D584-4A31-9629-7664E6C0E763}"
EndProject
Global
	GlobalSection(SolutionConfigurationPlatforms) = preSolution
		Debug|Any CPU = Debug|Any CPU
		Release|Any CPU = Release|Any CPU
	EndGlobalSection
	GlobalSection(ProjectConfigurationPlatforms) = postSolution
		{E70D56BB-D913-490C-8AB1-81DA7F465316}.Debug|Any CPU.ActiveCfg = Debug|Any CPU
		{E70D56BB-D913-490C-8AB1-81DA7F465316}.Debug|Any CPU.Build.0 = Debug|Any CPU
		{E70D56BB-D913-490C-8AB1-81DA7F465316}.Release|Any CPU.ActiveCfg = Release|Any CPU
		{E70D56BB-D913-490C-8AB1-81DA7F465316}.Release|Any CPU.Build.0 = Release|Any CPU
		{7C3BE9EF-3518-47C7-8419-89FE802E244E}.Debug|Any CPU.ActiveCfg = Debug|Any CPU
		{7C3BE9EF-3518-47C7-8419-89FE802E244E}.Debug|Any CPU.Build.0 = Debug|Any CPU
		{7C3BE9EF-3518-47C7-8419-89FE802E244E}.Release|Any CPU.ActiveCfg = Release|Any CPU
		{7C3BE9EF-3518-47C7-8419-89FE802E244E}.Release|Any CPU.Build.0 = Release|Any CPU
		{B99FEABB-D584-4A31-9629-7664E6C0E763}.Debug|Any CPU.ActiveCfg = Debug|Any CPU
		{B99FEABB-D584-4A31-9629-7664E6C0E763}.Debug|Any CPU.Build.0 = Debug|Any CPU
		{B99FEABB-D584-4A31-9629-7664E6C0E763}.Release|Any CPU.ActiveCfg = Release|Any CPU
		{B99FEABB-D584-4A31-9629-7664E6C0E763}.Release|Any CPU.Build.0 = Release|Any CPU
	EndGlobalSection
	GlobalSection(SolutionProperties) = preSolution
		HideSolutionNode = FALSE
	EndGlobalSection
	GlobalSection(ExtensibilityGlobals) = postSolution
		SolutionGuid = {E5BE9239-1D0C-43D9-8811-37A6940847C5}
	EndGlobalSection
EndGlobal
